// !$*UTF8*$!
{
	archiveVersion = 1;
	classes = {
	};
	objectVersion = 46;
	objects = {

/* Begin PBXBuildFile section */
		AF3154B71D10A701009025DE /* AppDelegate.swift in Sources */ = {isa = PBXBuildFile; fileRef = AF3154B61D10A701009025DE /* AppDelegate.swift */; };
		AF3154B91D10A701009025DE /* ViewController.swift in Sources */ = {isa = PBXBuildFile; fileRef = AF3154B81D10A701009025DE /* ViewController.swift */; };
		AF3154BC1D10A701009025DE /* Main.storyboard in Resources */ = {isa = PBXBuildFile; fileRef = AF3154BA1D10A701009025DE /* Main.storyboard */; };
		AF3154BE1D10A701009025DE /* Assets.xcassets in Resources */ = {isa = PBXBuildFile; fileRef = AF3154BD1D10A701009025DE /* Assets.xcassets */; };
		AF3154C11D10A701009025DE /* LaunchScreen.storyboard in Resources */ = {isa = PBXBuildFile; fileRef = AF3154BF1D10A701009025DE /* LaunchScreen.storyboard */; };
		AF3154CC1D10A701009025DE /* tipcalculatorTests.swift in Sources */ = {isa = PBXBuildFile; fileRef = AF3154CB1D10A701009025DE /* tipcalculatorTests.swift */; };
		AF3154D71D10A701009025DE /* tipcalculatorUITests.swift in Sources */ = {isa = PBXBuildFile; fileRef = AF3154D61D10A701009025DE /* tipcalculatorUITests.swift */; };
		AF3154E51D10B8B4009025DE /* SettingsViewController.swift in Sources */ = {isa = PBXBuildFile; fileRef = AF3154E41D10B8B4009025DE /* SettingsViewController.swift */; };
/* End PBXBuildFile section */

/* Begin PBXContainerItemProxy section */
		AF3154C81D10A701009025DE /* PBXContainerItemProxy */ = {
			isa = PBXContainerItemProxy;
			containerPortal = AF3154AB1D10A700009025DE /* Project object */;
			proxyType = 1;
			remoteGlobalIDString = AF3154B21D10A700009025DE;
			remoteInfo = tipcalculator;
		};
		AF3154D31D10A701009025DE /* PBXContainerItemProxy */ = {
			isa = PBXContainerItemProxy;
			containerPortal = AF3154AB1D10A700009025DE /* Project object */;
			proxyType = 1;
			remoteGlobalIDString = AF3154B21D10A700009025DE;
			remoteInfo = tipcalculator;
		};
/* End PBXContainerItemProxy section */

/* Begin PBXFileReference section */
		AF3154B31D10A701009025DE /* tipcalculator.app */ = {isa = PBXFileReference; explicitFileType = wrapper.application; includeInIndex = 0; path = tipcalculator.app; sourceTree = BUILT_PRODUCTS_DIR; };
		AF3154B61D10A701009025DE /* AppDelegate.swift */ = {isa = PBXFileReference; lastKnownFileType = sourcecode.swift; path = AppDelegate.swift; sourceTree = "<group>"; };
		AF3154B81D10A701009025DE /* ViewController.swift */ = {isa = PBXFileReference; lastKnownFileType = sourcecode.swift; path = ViewController.swift; sourceTree = "<group>"; };
		AF3154BB1D10A701009025DE /* Base */ = {isa = PBXFileReference; lastKnownFileType = file.storyboard; name = Base; path = Base.lproj/Main.storyboard; sourceTree = "<group>"; };
		AF3154BD1D10A701009025DE /* Assets.xcassets */ = {isa = PBXFileReference; lastKnownFileType = folder.assetcatalog; path = Assets.xcassets; sourceTree = "<group>"; };
		AF3154C01D10A701009025DE /* Base */ = {isa = PBXFileReference; lastKnownFileType = file.storyboard; name = Base; path = Base.lproj/LaunchScreen.storyboard; sourceTree = "<group>"; };
		AF3154C21D10A701009025DE /* Info.plist */ = {isa = PBXFileReference; lastKnownFileType = text.plist.xml; path = Info.plist; sourceTree = "<group>"; };
		AF3154C71D10A701009025DE /* tipcalculatorTests.xctest */ = {isa = PBXFileReference; explicitFileType = wrapper.cfbundle; includeInIndex = 0; path = tipcalculatorTests.xctest; sourceTree = BUILT_PRODUCTS_DIR; };
		AF3154CB1D10A701009025DE /* tipcalculatorTests.swift */ = {isa = PBXFileReference; lastKnownFileType = sourcecode.swift; path = tipcalculatorTests.swift; sourceTree = "<group>"; };
		AF3154CD1D10A701009025DE /* Info.plist */ = {isa = PBXFileReference; lastKnownFileType = text.plist.xml; path = Info.plist; sourceTree = "<group>"; };
		AF3154D21D10A701009025DE /* tipcalculatorUITests.xctest */ = {isa = PBXFileReference; explicitFileType = wrapper.cfbundle; includeInIndex = 0; path = tipcalculatorUITests.xctest; sourceTree = BUILT_PRODUCTS_DIR; };
		AF3154D61D10A701009025DE /* tipcalculatorUITests.swift */ = {isa = PBXFileReference; lastKnownFileType = sourcecode.swift; path = tipcalculatorUITests.swift; sourceTree = "<group>"; };
		AF3154D81D10A701009025DE /* Info.plist */ = {isa = PBXFileReference; lastKnownFileType = text.plist.xml; path = Info.plist; sourceTree = "<group>"; };
		AF3154E41D10B8B4009025DE /* SettingsViewController.swift */ = {isa = PBXFileReference; fileEncoding = 4; lastKnownFileType = sourcecode.swift; path = SettingsViewController.swift; sourceTree = "<group>"; };
/* End PBXFileReference section */

/* Begin PBXFrameworksBuildPhase section */
		AF3154B01D10A700009025DE /* Frameworks */ = {
			isa = PBXFrameworksBuildPhase;
			buildActionMask = 2147483647;
			files = (
			);
			runOnlyForDeploymentPostprocessing = 0;
		};
		AF3154C41D10A701009025DE /* Frameworks */ = {
			isa = PBXFrameworksBuildPhase;
			buildActionMask = 2147483647;
			files = (
			);
			runOnlyForDeploymentPostprocessing = 0;
		};
		AF3154CF1D10A701009025DE /* Frameworks */ = {
			isa = PBXFrameworksBuildPhase;
			buildActionMask = 2147483647;
			files = (
			);
			runOnlyForDeploymentPostprocessing = 0;
		};
/* End PBXFrameworksBuildPhase section */

/* Begin PBXGroup section */
		AF3154AA1D10A700009025DE = {
			isa = PBXGroup;
			children = (
				AF3154B51D10A701009025DE /* tipcalculator */,
				AF3154CA1D10A701009025DE /* tipcalculatorTests */,
				AF3154D51D10A701009025DE /* tipcalculatorUITests */,
				AF3154B41D10A701009025DE /* Products */,
			);
			sourceTree = "<group>";
		};
		AF3154B41D10A701009025DE /* Products */ = {
			isa = PBXGroup;
			children = (
				AF3154B31D10A701009025DE /* tipcalculator.app */,
				AF3154C71D10A701009025DE /* tipcalculatorTests.xctest */,
				AF3154D21D10A701009025DE /* tipcalculatorUITests.xctest */,
			);
			name = Products;
			sourceTree = "<group>";
		};
		AF3154B51D10A701009025DE /* tipcalculator */ = {
			isa = PBXGroup;
			children = (
				AF3154B61D10A701009025DE /* AppDelegate.swift */,
				AF3154B81D10A701009025DE /* ViewController.swift */,
				AF3154BA1D10A701009025DE /* Main.storyboard */,
				AF3154E41D10B8B4009025DE /* SettingsViewController.swift */,
				AF3154BD1D10A701009025DE /* Assets.xcassets */,
				AF3154BF1D10A701009025DE /* LaunchScreen.storyboard */,
				AF3154C21D10A701009025DE /* Info.plist */,
			);
			path = tipcalculator;
			sourceTree = "<group>";
		};
		AF3154CA1D10A701009025DE /* tipcalculatorTests */ = {
			isa = PBXGroup;
			children = (
				AF3154CB1D10A701009025DE /* tipcalculatorTests.swift */,
				AF3154CD1D10A701009025DE /* Info.plist */,
			);
			path = tipcalculatorTests;
			sourceTree = "<group>";
		};
		AF3154D51D10A701009025DE /* tipcalculatorUITests */ = {
			isa = PBXGroup;
			children = (
				AF3154D61D10A701009025DE /* tipcalculatorUITests.swift */,
				AF3154D81D10A701009025DE /* Info.plist */,
			);
			path = tipcalculatorUITests;
			sourceTree = "<group>";
		};
/* End PBXGroup section */

/* Begin PBXNativeTarget section */
		AF3154B21D10A700009025DE /* tipcalculator */ = {
			isa = PBXNativeTarget;
			buildConfigurationList = AF3154DB1D10A701009025DE /* Build configuration list for PBXNativeTarget "tipcalculator" */;
			buildPhases = (
				AF3154AF1D10A700009025DE /* Sources */,
				AF3154B01D10A700009025DE /* Frameworks */,
				AF3154B11D10A700009025DE /* Resources */,
			);
			buildRules = (
			);
			dependencies = (
			);
			name = tipcalculator;
			productName = tipcalculator;
			productReference = AF3154B31D10A701009025DE /* tipcalculator.app */;
			productType = "com.apple.product-type.application";
		};
		AF3154C61D10A701009025DE /* tipcalculatorTests */ = {
			isa = PBXNativeTarget;
			buildConfigurationList = AF3154DE1D10A701009025DE /* Build configuration list for PBXNativeTarget "tipcalculatorTests" */;
			buildPhases = (
				AF3154C31D10A701009025DE /* Sources */,
				AF3154C41D10A701009025DE /* Frameworks */,
				AF3154C51D10A701009025DE /* Resources */,
			);
			buildRules = (
			);
			dependencies = (
				AF3154C91D10A701009025DE /* PBXTargetDependency */,
			);
			name = tipcalculatorTests;
			productName = tipcalculatorTests;
			productReference = AF3154C71D10A701009025DE /* tipcalculatorTests.xctest */;
			productType = "com.apple.product-type.bundle.unit-test";
		};
		AF3154D11D10A701009025DE /* tipcalculatorUITests */ = {
			isa = PBXNativeTarget;
			buildConfigurationList = AF3154E11D10A701009025DE /* Build configuration list for PBXNativeTarget "tipcalculatorUITests" */;
			buildPhases = (
				AF3154CE1D10A701009025DE /* Sources */,
				AF3154CF1D10A701009025DE /* Frameworks */,
				AF3154D01D10A701009025DE /* Resources */,
			);
			buildRules = (
			);
			dependencies = (
				AF3154D41D10A701009025DE /* PBXTargetDependency */,
			);
			name = tipcalculatorUITests;
			productName = tipcalculatorUITests;
			productReference = AF3154D21D10A701009025DE /* tipcalculatorUITests.xctest */;
			productType = "com.apple.product-type.bundle.ui-testing";
		};
/* End PBXNativeTarget section */

/* Begin PBXProject section */
		AF3154AB1D10A700009025DE /* Project object */ = {
			isa = PBXProject;
			attributes = {
				LastSwiftUpdateCheck = 0730;
				LastUpgradeCheck = 0730;
				ORGANIZATIONNAME = "Angeline Rao";
				TargetAttributes = {
					AF3154B21D10A700009025DE = {
						CreatedOnToolsVersion = 7.3.1;
					};
					AF3154C61D10A701009025DE = {
						CreatedOnToolsVersion = 7.3.1;
						TestTargetID = AF3154B21D10A700009025DE;
					};
					AF3154D11D10A701009025DE = {
						CreatedOnToolsVersion = 7.3.1;
						TestTargetID = AF3154B21D10A700009025DE;
					};
				};
			};
			buildConfigurationList = AF3154AE1D10A700009025DE /* Build configuration list for PBXProject "tipcalculator" */;
			compatibilityVersion = "Xcode 3.2";
			developmentRegion = English;
			hasScannedForEncodings = 0;
			knownRegions = (
				en,
				Base,
			);
			mainGroup = AF3154AA1D10A700009025DE;
			productRefGroup = AF3154B41D10A701009025DE /* Products */;
			projectDirPath = "";
			projectRoot = "";
			targets = (
				AF3154B21D10A700009025DE /* tipcalculator */,
				AF3154C61D10A701009025DE /* tipcalculatorTests */,
				AF3154D11D10A701009025DE /* tipcalculatorUITests */,
			);
		};
/* End PBXProject section */

/* Begin PBXResourcesBuildPhase section */
		AF3154B11D10A700009025DE /* Resources */ = {
			isa = PBXResourcesBuildPhase;
			buildActionMask = 2147483647;
			files = (
				AF3154C11D10A701009025DE /* LaunchScreen.storyboard in Resources */,
				AF3154BE1D10A701009025DE /* Assets.xcassets in Resources */,
				AF3154BC1D10A701009025DE /* Main.storyboard in Resources */,
			);
			runOnlyForDeploymentPostprocessing = 0;
		};
		AF3154C51D10A701009025DE /* Resources */ = {
			isa = PBXResourcesBuildPhase;
			buildActionMask = 2147483647;
			files = (
			);
			runOnlyForDeploymentPostprocessing = 0;
		};
		AF3154D01D10A701009025DE /* Resources */ = {
			isa = PBXResourcesBuildPhase;
			buildActionMask = 2147483647;
			files = (
			);
			runOnlyForDeploymentPostprocessing = 0;
		};
/* End PBXResourcesBuildPhase section */

/* Begin PBXSourcesBuildPhase section */
		AF3154AF1D10A700009025DE /* Sources */ = {
			isa = PBXSourcesBuildPhase;
			buildActionMask = 2147483647;
			files = (
				AF3154B91D10A701009025DE /* ViewController.swift in Sources */,
				AF3154B71D10A701009025DE /* AppDelegate.swift in Sources */,
				AF3154E51D10B8B4009025DE /* SettingsViewController.swift in Sources */,
			);
			runOnlyForDeploymentPostprocessing = 0;
		};
		AF3154C31D10A701009025DE /* Sources */ = {
			isa = PBXSourcesBuildPhase;
			buildActionMask = 2147483647;
			files = (
				AF3154CC1D10A701009025DE /* tipcalculatorTests.swift in Sources */,
			);
			runOnlyForDeploymentPostprocessing = 0;
		};
		AF3154CE1D10A701009025DE /* Sources */ = {
			isa = PBXSourcesBuildPhase;
			buildActionMask = 2147483647;
			files = (
				AF3154D71D10A701009025DE /* tipcalculatorUITests.swift in Sources */,
			);
			runOnlyForDeploymentPostprocessing = 0;
		};
/* End PBXSourcesBuildPhase section */

/* Begin PBXTargetDependency section */
		AF3154C91D10A701009025DE /* PBXTargetDependency */ = {
			isa = PBXTargetDependency;
			target = AF3154B21D10A700009025DE /* tipcalculator */;
			targetProxy = AF3154C81D10A701009025DE /* PBXContainerItemProxy */;
		};
		AF3154D41D10A701009025DE /* PBXTargetDependency */ = {
			isa = PBXTargetDependency;
			target = AF3154B21D10A700009025DE /* tipcalculator */;
			targetProxy = AF3154D31D10A701009025DE /* PBXContainerItemProxy */;
		};
/* End PBXTargetDependency section */

/* Begin PBXVariantGroup section */
		AF3154BA1D10A701009025DE /* Main.storyboard */ = {
			isa = PBXVariantGroup;
			children = (
				AF3154BB1D10A701009025DE /* Base */,
			);
			name = Main.storyboard;
			sourceTree = "<group>";
		};
		AF3154BF1D10A701009025DE /* LaunchScreen.storyboard */ = {
			isa = PBXVariantGroup;
			children = (
				AF3154C01D10A701009025DE /* Base */,
			);
			name = LaunchScreen.storyboard;
			sourceTree = "<group>";
		};
/* End PBXVariantGroup section */

/* Begin XCBuildConfiguration section */
		AF3154D91D10A701009025DE /* Debug */ = {
			isa = XCBuildConfiguration;
			buildSettings = {
				ALWAYS_SEARCH_USER_PATHS = NO;
				CLANG_ANALYZER_NONNULL = YES;
				CLANG_CXX_LANGUAGE_STANDARD = "gnu++0x";
				CLANG_CXX_LIBRARY = "libc++";
				CLANG_ENABLE_MODULES = YES;
				CLANG_ENABLE_OBJC_ARC = YES;
				CLANG_WARN_BOOL_CONVERSION = YES;
				CLANG_WARN_CONSTANT_CONVERSION = YES;
				CLANG_WARN_DIRECT_OBJC_ISA_USAGE = YES_ERROR;
				CLANG_WARN_EMPTY_BODY = YES;
				CLANG_WARN_ENUM_CONVERSION = YES;
				CLANG_WARN_INT_CONVERSION = YES;
				CLANG_WARN_OBJC_ROOT_CLASS = YES_ERROR;
				CLANG_WARN_UNREACHABLE_CODE = YES;
				CLANG_WARN__DUPLICATE_METHOD_MATCH = YES;
				"CODE_SIGN_IDENTITY[sdk=iphoneos*]" = "iPhone Developer";
				COPY_PHASE_STRIP = NO;
				DEBUG_INFORMATION_FORMAT = dwarf;
				ENABLE_STRICT_OBJC_MSGSEND = YES;
				ENABLE_TESTABILITY = YES;
				GCC_C_LANGUAGE_STANDARD = gnu99;
				GCC_DYNAMIC_NO_PIC = NO;
				GCC_NO_COMMON_BLOCKS = YES;
				GCC_OPTIMIZATION_LEVEL = 0;
				GCC_PREPROCESSOR_DEFINITIONS = (
					"DEBUG=1",
					"$(inherited)",
				);
				GCC_WARN_64_TO_32_BIT_CONVERSION = YES;
				GCC_WARN_ABOUT_RETURN_TYPE = YES_ERROR;
				GCC_WARN_UNDECLARED_SELECTOR = YES;
				GCC_WARN_UNINITIALIZED_AUTOS = YES_AGGRESSIVE;
				GCC_WARN_UNUSED_FUNCTION = YES;
				GCC_WARN_UNUSED_VARIABLE = YES;
				IPHONEOS_DEPLOYMENT_TARGET = 9.3;
				MTL_ENABLE_DEBUG_INFO = YES;
				ONLY_ACTIVE_ARCH = YES;
				SDKROOT = iphoneos;
				SWIFT_OPTIMIZATION_LEVEL = "-Onone";
			};
			name = Debug;
		};
		AF3154DA1D10A701009025DE /* Release */ = {
			isa = XCBuildConfiguration;
			buildSettings = {
				ALWAYS_SEARCH_USER_PATHS = NO;
				CLANG_ANALYZER_NONNULL = YES;
				CLANG_CXX_LANGUAGE_STANDARD = "gnu++0x";
				CLANG_CXX_LIBRARY = "libc++";
				CLANG_ENABLE_MODULES = YES;
				CLANG_ENABLE_OBJC_ARC = YES;
				CLANG_WARN_BOOL_CONVERSION = YES;
				CLANG_WARN_CONSTANT_CONVERSION = YES;
				CLANG_WARN_DIRECT_OBJC_ISA_USAGE = YES_ERROR;
				CLANG_WARN_EMPTY_BODY = YES;
				CLANG_WARN_ENUM_CONVERSION = YES;
				CLANG_WARN_INT_CONVERSION = YES;
				CLANG_WARN_OBJC_ROOT_CLASS = YES_ERROR;
				CLANG_WARN_UNREACHABLE_CODE = YES;
				CLANG_WARN__DUPLICATE_METHOD_MATCH = YES;
				"CODE_SIGN_IDENTITY[sdk=iphoneos*]" = "iPhone Developer";
				COPY_PHASE_STRIP = NO;
				DEBUG_INFORMATION_FORMAT = "dwarf-with-dsym";
				ENABLE_NS_ASSERTIONS = NO;
				ENABLE_STRICT_OBJC_MSGSEND = YES;
				GCC_C_LANGUAGE_STANDARD = gnu99;
				GCC_NO_COMMON_BLOCKS = YES;
				GCC_WARN_64_TO_32_BIT_CONVERSION = YES;
				GCC_WARN_ABOUT_RETURN_TYPE = YES_ERROR;
				GCC_WARN_UNDECLARED_SELECTOR = YES;
				GCC_WARN_UNINITIALIZED_AUTOS = YES_AGGRESSIVE;
				GCC_WARN_UNUSED_FUNCTION = YES;
				GCC_WARN_UNUSED_VARIABLE = YES;
				IPHONEOS_DEPLOYMENT_TARGET = 9.3;
				MTL_ENABLE_DEBUG_INFO = NO;
				SDKROOT = iphoneos;
				VALIDATE_PRODUCT = YES;
			};
			name = Release;
		};
		AF3154DC1D10A701009025DE /* Debug */ = {
			isa = XCBuildConfiguration;
			buildSettings = {
				ASSETCATALOG_COMPILER_APPICON_NAME = AppIcon;
				INFOPLIST_FILE = tipcalculator/Info.plist;
				LD_RUNPATH_SEARCH_PATHS = "$(inherited) @executable_path/Frameworks";
				PRODUCT_BUNDLE_IDENTIFIER = com.facebook.tipcalculator;
				PRODUCT_NAME = "$(TARGET_NAME)";
			};
			name = Debug;
		};
		AF3154DD1D10A701009025DE /* Release */ = {
			isa = XCBuildConfiguration;
			buildSettings = {
				ASSETCATALOG_COMPILER_APPICON_NAME = AppIcon;
				INFOPLIST_FILE = tipcalculator/Info.plist;
				LD_RUNPATH_SEARCH_PATHS = "$(inherited) @executable_path/Frameworks";
				PRODUCT_BUNDLE_IDENTIFIER = com.facebook.tipcalculator;
				PRODUCT_NAME = "$(TARGET_NAME)";
			};
			name = Release;
		};
		AF3154DF1D10A701009025DE /* Debug */ = {
			isa = XCBuildConfiguration;
			buildSettings = {
				BUNDLE_LOADER = "$(TEST_HOST)";
				INFOPLIST_FILE = tipcalculatorTests/Info.plist;
				LD_RUNPATH_SEARCH_PATHS = "$(inherited) @executable_path/Frameworks @loader_path/Frameworks";
				PRODUCT_BUNDLE_IDENTIFIER = com.facebook.tipcalculatorTests;
				PRODUCT_NAME = "$(TARGET_NAME)";
				TEST_HOST = "$(BUILT_PRODUCTS_DIR)/tipcalculator.app/tipcalculator";
			};
			name = Debug;
		};
		AF3154E01D10A701009025DE /* Release */ = {
			isa = XCBuildConfiguration;
			buildSettings = {
				BUNDLE_LOADER = "$(TEST_HOST)";
				INFOPLIST_FILE = tipcalculatorTests/Info.plist;
				LD_RUNPATH_SEARCH_PATHS = "$(inherited) @executable_path/Frameworks @loader_path/Frameworks";
				PRODUCT_BUNDLE_IDENTIFIER = com.facebook.tipcalculatorTests;
				PRODUCT_NAME = "$(TARGET_NAME)";
				TEST_HOST = "$(BUILT_PRODUCTS_DIR)/tipcalculator.app/tipcalculator";
			};
			name = Release;
		};
		AF3154E21D10A701009025DE /* Debug */ = {
			isa = XCBuildConfiguration;
			buildSettings = {
				INFOPLIST_FILE = tipcalculatorUITests/Info.plist;
				LD_RUNPATH_SEARCH_PATHS = "$(inherited) @executable_path/Frameworks @loader_path/Frameworks";
				PRODUCT_BUNDLE_IDENTIFIER = com.facebook.tipcalculatorUITests;
				PRODUCT_NAME = "$(TARGET_NAME)";
				TEST_TARGET_NAME = tipcalculator;
			};
			name = Debug;
		};
		AF3154E31D10A701009025DE /* Release */ = {
			isa = XCBuildConfiguration;
			buildSettings = {
				INFOPLIST_FILE = tipcalculatorUITests/Info.plist;
				LD_RUNPATH_SEARCH_PATHS = "$(inherited) @executable_path/Frameworks @loader_path/Frameworks";
				PRODUCT_BUNDLE_IDENTIFIER = com.facebook.tipcalculatorUITests;
				PRODUCT_NAME = "$(TARGET_NAME)";
				TEST_TARGET_NAME = tipcalculator;
			};
			name = Release;
		};
/* End XCBuildConfiguration section */

/* Begin XCConfigurationList section */
		AF3154AE1D10A700009025DE /* Build configuration list for PBXProject "tipcalculator" */ = {
			isa = XCConfigurationList;
			buildConfigurations = (
				AF3154D91D10A701009025DE /* Debug */,
				AF3154DA1D10A701009025DE /* Release */,
			);
			defaultConfigurationIsVisible = 0;
			defaultConfigurationName = Release;
		};
		AF3154DB1D10A701009025DE /* Build configuration list for PBXNativeTarget "tipcalculator" */ = {
			isa = XCConfigurationList;
			buildConfigurations = (
				AF3154DC1D10A701009025DE /* Debug */,
				AF3154DD1D10A701009025DE /* Release */,
			);
			defaultConfigurationIsVisible = 0;
		};
		AF3154DE1D10A701009025DE /* Build configuration list for PBXNativeTarget "tipcalculatorTests" */ = {
			isa = XCConfigurationList;
			buildConfigurations = (
				AF3154DF1D10A701009025DE /* Debug */,
				AF3154E01D10A701009025DE /* Release */,
			);
			defaultConfigurationIsVisible = 0;
		};
		AF3154E11D10A701009025DE /* Build configuration list for PBXNativeTarget "tipcalculatorUITests" */ = {
			isa = XCConfigurationList;
			buildConfigurations = (
				AF3154E21D10A701009025DE /* Debug */,
				AF3154E31D10A701009025DE /* Release */,
			);
			defaultConfigurationIsVisible = 0;
		};
/* End XCConfigurationList section */
	};
	rootObject = AF3154AB1D10A700009025DE /* Project object */;
}
